{
  "name": "@mahendar8121/njm-utils",
  "version": "0.1.0",
  "lockfileVersion": 3,
  "requires": true,
  "packages": {
    "": {
      "name": "@mahendar8121/njm-utils",
      "version": "0.1.0",
      "license": "ISC",
      "dependencies": {
        "@mahendar8121/commonjs-package": "^0.2.0",
        "@mahendar8121/ts-njm-utils": "^1.0.0"
      }
    },
    "node_modules/@mahendar8121/commonjs-package": {
      "version": "0.2.0",
      "resolved": "https://npm.pkg.github.com/download/@mahendar8121/commonjs-package/0.2.0/e44815ef92ed6ee1d23a177f417f2c16ffa61420",
      "integrity": "sha512-U1TFuV7BUXqAv9LQ4z2p1seyKree/U5QgIc6g73CW5kd/91NIKDhcm/imSf0y5v2F0n68wA8jQaZcVHFQm0kjg==",
      "license": "ISC"
    },
    "node_modules/@mahendar8121/ts-njm-utils": {
      "version": "1.0.0",
      "resolved": "https://npm.pkg.github.com/download/@mahendar8121/ts-njm-utils/1.0.0/f201d0d72d6cba7b9f887f2062f9f5dd3e768bee",
      "integrity": "sha512-EgG7lBpdRmIKnHBQ6MyLxHUKm+bKWvq5bzQ67hoe/HBC3UpDD77+MjQ9H945k0DaDTp//tRg0QE+qdoYxzgvRQ==",
      "license": "ISC"
    }
  }
}
